#MicroXplorer Configuration settings - do not modify
Mcu.Family=STM32F1
PA6.GPIOParameters=GPIO_PuPd
ProjectManager.MainLocation=Core/Src
ProjectManager.ProjectFileName=lattice_screen.ioc
ProjectManager.KeepUserCode=true
PA10.Mode=Asynchronous
Mcu.UserName=STM32F103C6Tx
Mcu.PinsNb=12
ProjectManager.NoMain=false
RCC.PLLCLKFreq_Value=8000000
PC13-TAMPER-RTC.GPIOParameters=PinState,GPIO_PuPd,GPIO_ModeDefaultOutputPP
PA3.GPIO_PuPd=GPIO_PULLUP
ProjectManager.functionlistsort=1-MX_GPIO_Init-GPIO-false-HAL-true,2-SystemClock_Config-RCC-false-HAL-false,3-MX_USART1_UART_Init-USART1-false-HAL-true
PC13-TAMPER-RTC.Signal=GPIO_Output
PA3.GPIOParameters=GPIO_PuPd
ProjectManager.DefaultFWLocation=true
ProjectManager.DeletePrevious=true
USART1.IPParameters=VirtualMode
PinOutPanel.RotationAngle=0
RCC.FamilyName=M
ProjectManager.StackSize=0x400
PA13.Signal=SYS_JTMS-SWDIO
Mcu.IP2=SYS
NVIC.SVCall_IRQn=true\:0\:0\:false\:false\:true\:false\:false
Mcu.IP3=USART1
Mcu.IP0=NVIC
PA9.Mode=Asynchronous
Mcu.IP1=RCC
Mcu.UserConstants=
ProjectManager.TargetToolchain=Makefile
Mcu.ThirdPartyNb=0
Mcu.IPNb=4
ProjectManager.PreviousToolchain=
PA9.Signal=USART1_TX
PA8.GPIOParameters=GPIO_PuPd
Mcu.Pin6=PA8
Mcu.Pin7=PA9
ProjectManager.RegisterCallBack=
PC13-TAMPER-RTC.Locked=true
Mcu.Pin8=PA10
Mcu.Pin9=PA13
PA7.GPIO_PuPd=GPIO_PULLUP
Mcu.Pin0=PC13-TAMPER-RTC
Mcu.Pin1=PA3
GPIO.groupedBy=Group By Peripherals
Mcu.Pin2=PA4
Mcu.Pin3=PA5
Mcu.Pin4=PA6
Mcu.Pin5=PA7
PA5.Signal=GPIO_Output
ProjectManager.ProjectBuild=false
NVIC.UsageFault_IRQn=true\:0\:0\:false\:false\:true\:false\:false
NVIC.DebugMonitor_IRQn=true\:0\:0\:false\:false\:true\:false\:false
PA4.GPIO_PuPd=GPIO_PULLUP
PA8.Locked=true
board=custom
PA4.Locked=true
NVIC.SysTick_IRQn=true\:0\:0\:false\:false\:true\:false\:true
ProjectManager.LastFirmware=true
ProjectManager.FirmwarePackage=STM32Cube FW_F1 V1.8.4
MxDb.Version=DB.6.0.10
RCC.APB2Freq_Value=8000000
PA6.GPIO_PuPd=GPIO_PULLUP
ProjectManager.BackupPrevious=false
MxCube.Version=6.1.1
PC13-TAMPER-RTC.PinState=GPIO_PIN_RESET
PA14.Mode=Serial_Wire
PA5.GPIO_PuPd=GPIO_PULLUP
File.Version=6
VP_SYS_VS_Systick.Mode=SysTick
PA8.Signal=GPIO_Output
NVIC.NonMaskableInt_IRQn=true\:0\:0\:false\:false\:true\:false\:false
PA4.GPIOParameters=GPIO_PuPd
NVIC.PendSV_IRQn=true\:0\:0\:false\:false\:true\:false\:false
PA13.Mode=Serial_Wire
ProjectManager.FreePins=false
RCC.IPParameters=APB1Freq_Value,APB2Freq_Value,FamilyName,PLLCLKFreq_Value,PLLMCOFreq_Value,TimSysFreq_Value
ProjectManager.AskForMigrate=true
Mcu.Name=STM32F103C(4-6)Tx
ProjectManager.HalAssertFull=false
ProjectManager.ProjectName=lattice_screen
ProjectManager.UnderRoot=false
RCC.PLLMCOFreq_Value=4000000
ProjectManager.CoupleFile=false
PA4.Signal=GPIO_Output
PC13-TAMPER-RTC.GPIO_ModeDefaultOutputPP=GPIO_MODE_OUTPUT_PP
Mcu.Package=LQFP48
PA6.Signal=GPIO_Output
RCC.TimSysFreq_Value=8000000
PA5.Locked=true
PA3.Locked=true
PA7.Locked=true
NVIC.ForceEnableDMAVector=true
KeepUserPlacement=false
NVIC.MemoryManagement_IRQn=true\:0\:0\:false\:false\:true\:false\:false
PC13-TAMPER-RTC.GPIO_PuPd=GPIO_PULLUP
USART1.VirtualMode=VM_ASYNC
ProjectManager.CompilerOptimize=6
ProjectManager.ToolChainLocation=
VP_SYS_VS_Systick.Signal=SYS_VS_Systick
PA10.Signal=USART1_RX
PA14.Signal=SYS_JTCK-SWCLK
ProjectManager.HeapSize=0x200
NVIC.HardFault_IRQn=true\:0\:0\:false\:false\:true\:false\:false
PA5.GPIOParameters=GPIO_PuPd
ProjectManager.ComputerToolchain=false
PA8.GPIO_PuPd=GPIO_PULLUP
NVIC.PriorityGroup=NVIC_PRIORITYGROUP_4
Mcu.Pin11=VP_SYS_VS_Systick
Mcu.Pin10=PA14
NVIC.BusFault_IRQn=true\:0\:0\:false\:false\:true\:false\:false
RCC.APB1Freq_Value=8000000
PA7.GPIOParameters=GPIO_PuPd
ProjectManager.CustomerFirmwarePackage=
ProjectManager.DeviceId=STM32F103C6Tx
ProjectManager.LibraryCopy=0
PA3.Signal=GPIO_Output
PA7.Signal=GPIO_Output
PA6.Locked=true
